
Microsoft Visual Studio Solution File, Format Version 12.00
# Visual Studio Version 17
VisualStudioVersion = 17.9.34728.123
MinimumVisualStudioVersion = 10.0.40219.1
Project("{9A19103F-16F7-4668-BE54-9A1E7A4F7556}") = "RESTAPI_Alimentos", "RESTAPI_Alimentos\RESTAPI_Alimentos.csproj", "{8933FDF9-DD2B-43A0-9344-C4AAA5956217}"
EndProject
Project("{FAE04EC0-301F-11D3-BF4B-00C04F79EFBC}") = "Cliente_REST_Alimentos", "Cliente_REST_Alimentos\Cliente_REST_Alimentos.csproj", "{B76B34B4-15D9-4356-B169-A5E411294FFF}"
EndProject
Global
	GlobalSection(SolutionConfigurationPlatforms) = preSolution
		Debug|Any CPU = Debug|Any CPU
		Release|Any CPU = Release|Any CPU
	EndGlobalSection
	GlobalSection(ProjectConfigurationPlatforms) = postSolution
		{8933FDF9-DD2B-43A0-9344-C4AAA5956217}.Debug|Any CPU.ActiveCfg = Debug|Any CPU
		{8933FDF9-DD2B-43A0-9344-C4AAA5956217}.Debug|Any CPU.Build.0 = Debug|Any CPU
		{8933FDF9-DD2B-43A0-9344-C4AAA5956217}.Release|Any CPU.ActiveCfg = Release|Any CPU
		{8933FDF9-DD2B-43A0-9344-C4AAA5956217}.Release|Any CPU.Build.0 = Release|Any CPU
		{B76B34B4-15D9-4356-B169-A5E411294FFF}.Debug|Any CPU.ActiveCfg = Debug|Any CPU
		{B76B34B4-15D9-4356-B169-A5E411294FFF}.Debug|Any CPU.Build.0 = Debug|Any CPU
		{B76B34B4-15D9-4356-B169-A5E411294FFF}.Release|Any CPU.ActiveCfg = Release|Any CPU
		{B76B34B4-15D9-4356-B169-A5E411294FFF}.Release|Any CPU.Build.0 = Release|Any CPU
	EndGlobalSection
	GlobalSection(SolutionProperties) = preSolution
		HideSolutionNode = FALSE
	EndGlobalSection
	GlobalSection(ExtensibilityGlobals) = postSolution
		SolutionGuid = {40548EDF-0F68-45C9-84CC-801335ACF7BE}
	EndGlobalSection
EndGlobal
